// !$*UTF8*$!
{
	archiveVersion = 1;
	classes = {
	};
	objectVersion = 46;
	objects = {

/* Begin PBXBuildFile section */
		FE3D5DB01FFC837200B17B10 /* AppDelegate.swift in Sources */ = {isa = PBXBuildFile; fileRef = FE3D5DAF1FFC837200B17B10 /* AppDelegate.swift */; };
		FE3D5DB21FFC837200B17B10 /* ViewController.swift in Sources */ = {isa = PBXBuildFile; fileRef = FE3D5DB11FFC837200B17B10 /* ViewController.swift */; };
		FE3D5DB51FFC837200B17B10 /* Main.storyboard in Resources */ = {isa = PBXBuildFile; fileRef = FE3D5DB31FFC837200B17B10 /* Main.storyboard */; };
		FE3D5DB71FFC837200B17B10 /* Assets.xcassets in Resources */ = {isa = PBXBuildFile; fileRef = FE3D5DB61FFC837200B17B10 /* Assets.xcassets */; };
		FE3D5DBA1FFC837200B17B10 /* LaunchScreen.storyboard in Resources */ = {isa = PBXBuildFile; fileRef = FE3D5DB81FFC837200B17B10 /* LaunchScreen.storyboard */; };
/* End PBXBuildFile section */

/* Begin PBXFileReference section */
		FE3D5DAC1FFC837200B17B10 /* Smack-App.app */ = {isa = PBXFileReference; explicitFileType = wrapper.application; includeInIndex = 0; path = "Smack-App.app"; sourceTree = BUILT_PRODUCTS_DIR; };
		FE3D5DAF1FFC837200B17B10 /* AppDelegate.swift */ = {isa = PBXFileReference; lastKnownFileType = sourcecode.swift; path = AppDelegate.swift; sourceTree = "<group>"; };
		FE3D5DB11FFC837200B17B10 /* ViewController.swift */ = {isa = PBXFileReference; lastKnownFileType = sourcecode.swift; path = ViewController.swift; sourceTree = "<group>"; };
		FE3D5DB41FFC837200B17B10 /* Base */ = {isa = PBXFileReference; lastKnownFileType = file.storyboard; name = Base; path = Base.lproj/Main.storyboard; sourceTree = "<group>"; };
		FE3D5DB61FFC837200B17B10 /* Assets.xcassets */ = {isa = PBXFileReference; lastKnownFileType = folder.assetcatalog; path = Assets.xcassets; sourceTree = "<group>"; };
		FE3D5DB91FFC837200B17B10 /* Base */ = {isa = PBXFileReference; lastKnownFileType = file.storyboard; name = Base; path = Base.lproj/LaunchScreen.storyboard; sourceTree = "<group>"; };
		FE3D5DBB1FFC837200B17B10 /* Info.plist */ = {isa = PBXFileReference; lastKnownFileType = text.plist.xml; path = Info.plist; sourceTree = "<group>"; };
/* End PBXFileReference section */

/* Begin PBXFrameworksBuildPhase section */
		FE3D5DA91FFC837200B17B10 /* Frameworks */ = {
			isa = PBXFrameworksBuildPhase;
			buildActionMask = 2147483647;
			files = (
			);
			runOnlyForDeploymentPostprocessing = 0;
		};
/* End PBXFrameworksBuildPhase section */

/* Begin PBXGroup section */
		FE3D5DA31FFC837200B17B10 = {
			isa = PBXGroup;
			children = (
				FE3D5DAE1FFC837200B17B10 /* Smack-App */,
				FE3D5DAD1FFC837200B17B10 /* Products */,
			);
			sourceTree = "<group>";
		};
		FE3D5DAD1FFC837200B17B10 /* Products */ = {
			isa = PBXGroup;
			children = (
				FE3D5DAC1FFC837200B17B10 /* Smack-App.app */,
			);
			name = Products;
			sourceTree = "<group>";
		};
		FE3D5DAE1FFC837200B17B10 /* Smack-App */ = {
			isa = PBXGroup;
			children = (
				FE3D5DAF1FFC837200B17B10 /* AppDelegate.swift */,
				FE3D5DB11FFC837200B17B10 /* ViewController.swift */,
				FE3D5DB31FFC837200B17B10 /* Main.storyboard */,
				FE3D5DB61FFC837200B17B10 /* Assets.xcassets */,
				FE3D5DB81FFC837200B17B10 /* LaunchScreen.storyboard */,
				FE3D5DBB1FFC837200B17B10 /* Info.plist */,
			);
			path = "Smack-App";
			sourceTree = "<group>";
		};
/* End PBXGroup section */

/* Begin PBXNativeTarget section */
		FE3D5DAB1FFC837200B17B10 /* Smack-App */ = {
			isa = PBXNativeTarget;
			buildConfigurationList = FE3D5DBE1FFC837200B17B10 /* Build configuration list for PBXNativeTarget "Smack-App" */;
			buildPhases = (
				FE3D5DA81FFC837200B17B10 /* Sources */,
				FE3D5DA91FFC837200B17B10 /* Frameworks */,
				FE3D5DAA1FFC837200B17B10 /* Resources */,
			);
			buildRules = (
			);
			dependencies = (
			);
			name = "Smack-App";
			productName = "Smack-App";
			productReference = FE3D5DAC1FFC837200B17B10 /* Smack-App.app */;
			productType = "com.apple.product-type.application";
		};
/* End PBXNativeTarget section */

/* Begin PBXProject section */
		FE3D5DA41FFC837200B17B10 /* Project object */ = {
			isa = PBXProject;
			attributes = {
				LastSwiftUpdateCheck = 0820;
				LastUpgradeCheck = 0820;
				ORGANIZATIONNAME = "Johnny Perdomo";
				TargetAttributes = {
					FE3D5DAB1FFC837200B17B10 = {
						CreatedOnToolsVersion = 8.2.1;
						ProvisioningStyle = Automatic;
					};
				};
			};
			buildConfigurationList = FE3D5DA71FFC837200B17B10 /* Build configuration list for PBXProject "Smack-App" */;
			compatibilityVersion = "Xcode 3.2";
			developmentRegion = English;
			hasScannedForEncodings = 0;
			knownRegions = (
				en,
				Base,
			);
			mainGroup = FE3D5DA31FFC837200B17B10;
			productRefGroup = FE3D5DAD1FFC837200B17B10 /* Products */;
			projectDirPath = "";
			projectRoot = "";
			targets = (
				FE3D5DAB1FFC837200B17B10 /* Smack-App */,
			);
		};
/* End PBXProject section */

/* Begin PBXResourcesBuildPhase section */
		FE3D5DAA1FFC837200B17B10 /* Resources */ = {
			isa = PBXResourcesBuildPhase;
			buildActionMask = 2147483647;
			files = (
				FE3D5DBA1FFC837200B17B10 /* LaunchScreen.storyboard in Resources */,
				FE3D5DB71FFC837200B17B10 /* Assets.xcassets in Resources */,
				FE3D5DB51FFC837200B17B10 /* Main.storyboard in Resources */,
			);
			runOnlyForDeploymentPostprocessing = 0;
		};
/* End PBXResourcesBuildPhase section */

/* Begin PBXSourcesBuildPhase section */
		FE3D5DA81FFC837200B17B10 /* Sources */ = {
			isa = PBXSourcesBuildPhase;
			buildActionMask = 2147483647;
			files = (
				FE3D5DB21FFC837200B17B10 /* ViewController.swift in Sources */,
				FE3D5DB01FFC837200B17B10 /* AppDelegate.swift in Sources */,
			);
			runOnlyForDeploymentPostprocessing = 0;
		};
/* End PBXSourcesBuildPhase section */

/* Begin PBXVariantGroup section */
		FE3D5DB31FFC837200B17B10 /* Main.storyboard */ = {
			isa = PBXVariantGroup;
			children = (
				FE3D5DB41FFC837200B17B10 /* Base */,
			);
			name = Main.storyboard;
			sourceTree = "<group>";
		};
		FE3D5DB81FFC837200B17B10 /* LaunchScreen.storyboard */ = {
			isa = PBXVariantGroup;
			children = (
				FE3D5DB91FFC837200B17B10 /* Base */,
			);
			name = LaunchScreen.storyboard;
			sourceTree = "<group>";
		};
/* End PBXVariantGroup section */

/* Begin XCBuildConfiguration section */
		FE3D5DBC1FFC837200B17B10 /* Debug */ = {
			isa = XCBuildConfiguration;
			buildSettings = {
				ALWAYS_SEARCH_USER_PATHS = NO;
				CLANG_ANALYZER_NONNULL = YES;
				CLANG_CXX_LANGUAGE_STANDARD = "gnu++0x";
				CLANG_CXX_LIBRARY = "libc++";
				CLANG_ENABLE_MODULES = YES;
				CLANG_ENABLE_OBJC_ARC = YES;
				CLANG_WARN_BOOL_CONVERSION = YES;
				CLANG_WARN_CONSTANT_CONVERSION = YES;
				CLANG_WARN_DIRECT_OBJC_ISA_USAGE = YES_ERROR;
				CLANG_WARN_DOCUMENTATION_COMMENTS = YES;
				CLANG_WARN_EMPTY_BODY = YES;
				CLANG_WARN_ENUM_CONVERSION = YES;
				CLANG_WARN_INFINITE_RECURSION = YES;
				CLANG_WARN_INT_CONVERSION = YES;
				CLANG_WARN_OBJC_ROOT_CLASS = YES_ERROR;
				CLANG_WARN_SUSPICIOUS_MOVE = YES;
				CLANG_WARN_UNREACHABLE_CODE = YES;
				CLANG_WARN__DUPLICATE_METHOD_MATCH = YES;
				"CODE_SIGN_IDENTITY[sdk=iphoneos*]" = "iPhone Developer";
				COPY_PHASE_STRIP = NO;
				DEBUG_INFORMATION_FORMAT = dwarf;
				ENABLE_STRICT_OBJC_MSGSEND = YES;
				ENABLE_TESTABILITY = YES;
				GCC_C_LANGUAGE_STANDARD = gnu99;
				GCC_DYNAMIC_NO_PIC = NO;
				GCC_NO_COMMON_BLOCKS = YES;
				GCC_OPTIMIZATION_LEVEL = 0;
				GCC_PREPROCESSOR_DEFINITIONS = (
					"DEBUG=1",
					"$(inherited)",
				);
				GCC_WARN_64_TO_32_BIT_CONVERSION = YES;
				GCC_WARN_ABOUT_RETURN_TYPE = YES_ERROR;
				GCC_WARN_UNDECLARED_SELECTOR = YES;
				GCC_WARN_UNINITIALIZED_AUTOS = YES_AGGRESSIVE;
				GCC_WARN_UNUSED_FUNCTION = YES;
				GCC_WARN_UNUSED_VARIABLE = YES;
				IPHONEOS_DEPLOYMENT_TARGET = 10.2;
				MTL_ENABLE_DEBUG_INFO = YES;
				ONLY_ACTIVE_ARCH = YES;
				SDKROOT = iphoneos;
				SWIFT_ACTIVE_COMPILATION_CONDITIONS = DEBUG;
				SWIFT_OPTIMIZATION_LEVEL = "-Onone";
				TARGETED_DEVICE_FAMILY = "1,2";
			};
			name = Debug;
		};
		FE3D5DBD1FFC837200B17B10 /* Release */ = {
			isa = XCBuildConfiguration;
			buildSettings = {
				ALWAYS_SEARCH_USER_PATHS = NO;
				CLANG_ANALYZER_NONNULL = YES;
				CLANG_CXX_LANGUAGE_STANDARD = "gnu++0x";
				CLANG_CXX_LIBRARY = "libc++";
				CLANG_ENABLE_MODULES = YES;
				CLANG_ENABLE_OBJC_ARC = YES;
				CLANG_WARN_BOOL_CONVERSION = YES;
				CLANG_WARN_CONSTANT_CONVERSION = YES;
				CLANG_WARN_DIRECT_OBJC_ISA_USAGE = YES_ERROR;
				CLANG_WARN_DOCUMENTATION_COMMENTS = YES;
				CLANG_WARN_EMPTY_BODY = YES;
				CLANG_WARN_ENUM_CONVERSION = YES;
				CLANG_WARN_INFINITE_RECURSION = YES;
				CLANG_WARN_INT_CONVERSION = YES;
				CLANG_WARN_OBJC_ROOT_CLASS = YES_ERROR;
				CLANG_WARN_SUSPICIOUS_MOVE = YES;
				CLANG_WARN_UNREACHABLE_CODE = YES;
				CLANG_WARN__DUPLICATE_METHOD_MATCH = YES;
				"CODE_SIGN_IDENTITY[sdk=iphoneos*]" = "iPhone Developer";
				COPY_PHASE_STRIP = NO;
				DEBUG_INFORMATION_FORMAT = "dwarf-with-dsym";
				ENABLE_NS_ASSERTIONS = NO;
				ENABLE_STRICT_OBJC_MSGSEND = YES;
				GCC_C_LANGUAGE_STANDARD = gnu99;
				GCC_NO_COMMON_BLOCKS = YES;
				GCC_WARN_64_TO_32_BIT_CONVERSION = YES;
				GCC_WARN_ABOUT_RETURN_TYPE = YES_ERROR;
				GCC_WARN_UNDECLARED_SELECTOR = YES;
				GCC_WARN_UNINITIALIZED_AUTOS = YES_AGGRESSIVE;
				GCC_WARN_UNUSED_FUNCTION = YES;
				GCC_WARN_UNUSED_VARIABLE = YES;
				IPHONEOS_DEPLOYMENT_TARGET = 10.2;
				MTL_ENABLE_DEBUG_INFO = NO;
				SDKROOT = iphoneos;
				SWIFT_OPTIMIZATION_LEVEL = "-Owholemodule";
				TARGETED_DEVICE_FAMILY = "1,2";
				VALIDATE_PRODUCT = YES;
			};
			name = Release;
		};
		FE3D5DBF1FFC837200B17B10 /* Debug */ = {
			isa = XCBuildConfiguration;
			buildSettings = {
				ASSETCATALOG_COMPILER_APPICON_NAME = AppIcon;
				INFOPLIST_FILE = "Smack-App/Info.plist";
				LD_RUNPATH_SEARCH_PATHS = "$(inherited) @executable_path/Frameworks";
				PRODUCT_BUNDLE_IDENTIFIER = "com.Johnnyperdomo.Smack-App";
				PRODUCT_NAME = "$(TARGET_NAME)";
				SWIFT_VERSION = 3.0;
			};
			name = Debug;
		};
		FE3D5DC01FFC837200B17B10 /* Release */ = {
			isa = XCBuildConfiguration;
			buildSettings = {
				ASSETCATALOG_COMPILER_APPICON_NAME = AppIcon;
				INFOPLIST_FILE = "Smack-App/Info.plist";
				LD_RUNPATH_SEARCH_PATHS = "$(inherited) @executable_path/Frameworks";
				PRODUCT_BUNDLE_IDENTIFIER = "com.Johnnyperdomo.Smack-App";
				PRODUCT_NAME = "$(TARGET_NAME)";
				SWIFT_VERSION = 3.0;
			};
			name = Release;
		};
/* End XCBuildConfiguration section */

/* Begin XCConfigurationList section */
		FE3D5DA71FFC837200B17B10 /* Build configuration list for PBXProject "Smack-App" */ = {
			isa = XCConfigurationList;
			buildConfigurations = (
				FE3D5DBC1FFC837200B17B10 /* Debug */,
				FE3D5DBD1FFC837200B17B10 /* Release */,
			);
			defaultConfigurationIsVisible = 0;
			defaultConfigurationName = Release;
		};
		FE3D5DBE1FFC837200B17B10 /* Build configuration list for PBXNativeTarget "Smack-App" */ = {
			isa = XCConfigurationList;
			buildConfigurations = (
				FE3D5DBF1FFC837200B17B10 /* Debug */,
				FE3D5DC01FFC837200B17B10 /* Release */,
			);
			defaultConfigurationIsVisible = 0;
		};
/* End XCConfigurationList section */
	};
	rootObject = FE3D5DA41FFC837200B17B10 /* Project object */;
}
